
Microsoft Visual Studio Solution File, Format Version 12.00
# Visual Studio Version 16
VisualStudioVersion = 16.0.29123.88
MinimumVisualStudioVersion = 10.0.40219.1
Project("{FAE04EC0-301F-11D3-BF4B-00C04F79EFBC}") = "Administrator.Contract", "Administrator.Contract\Administrator.Contract.csproj", "{67C54310-9C5F-417A-84F7-CA5553909EA4}"
EndProject
Project("{FAE04EC0-301F-11D3-BF4B-00C04F79EFBC}") = "Administrator.Data", "Administrator.Data\Administrator.Data.csproj", "{5E80E894-11DF-403A-94F1-D42D54B22F6E}"
EndProject
Project("{FAE04EC0-301F-11D3-BF4B-00C04F79EFBC}") = "Administrator.Query", "Administrator.Query\Administrator.Query.csproj", "{491CF6B9-D57C-413F-A6C3-B6A49B0E06F6}"
EndProject
Project("{FAE04EC0-301F-11D3-BF4B-00C04F79EFBC}") = "Administrator.Manager", "Administrator.Manager\Administrator.Manager.csproj", "{5871DE76-6050-4448-A2A7-594BD689D23E}"
EndProject
Project("{FAE04EC0-301F-11D3-BF4B-00C04F79EFBC}") = "Administrator.Test", "Administrator.Test\Administrator.Test.csproj", "{2388AA38-B291-4B83-A44D-7ADA8D36143A}"
EndProject
Global
	GlobalSection(SolutionConfigurationPlatforms) = preSolution
		Debug|Any CPU = Debug|Any CPU
		Release|Any CPU = Release|Any CPU
	EndGlobalSection
	GlobalSection(ProjectConfigurationPlatforms) = postSolution
		{67C54310-9C5F-417A-84F7-CA5553909EA4}.Debug|Any CPU.ActiveCfg = Debug|Any CPU
		{67C54310-9C5F-417A-84F7-CA5553909EA4}.Debug|Any CPU.Build.0 = Debug|Any CPU
		{67C54310-9C5F-417A-84F7-CA5553909EA4}.Release|Any CPU.ActiveCfg = Release|Any CPU
		{67C54310-9C5F-417A-84F7-CA5553909EA4}.Release|Any CPU.Build.0 = Release|Any CPU
		{5E80E894-11DF-403A-94F1-D42D54B22F6E}.Debug|Any CPU.ActiveCfg = Debug|Any CPU
		{5E80E894-11DF-403A-94F1-D42D54B22F6E}.Debug|Any CPU.Build.0 = Debug|Any CPU
		{5E80E894-11DF-403A-94F1-D42D54B22F6E}.Release|Any CPU.ActiveCfg = Release|Any CPU
		{5E80E894-11DF-403A-94F1-D42D54B22F6E}.Release|Any CPU.Build.0 = Release|Any CPU
		{491CF6B9-D57C-413F-A6C3-B6A49B0E06F6}.Debug|Any CPU.ActiveCfg = Debug|Any CPU
		{491CF6B9-D57C-413F-A6C3-B6A49B0E06F6}.Debug|Any CPU.Build.0 = Debug|Any CPU
		{491CF6B9-D57C-413F-A6C3-B6A49B0E06F6}.Release|Any CPU.ActiveCfg = Release|Any CPU
		{491CF6B9-D57C-413F-A6C3-B6A49B0E06F6}.Release|Any CPU.Build.0 = Release|Any CPU
		{5871DE76-6050-4448-A2A7-594BD689D23E}.Debug|Any CPU.ActiveCfg = Debug|Any CPU
		{5871DE76-6050-4448-A2A7-594BD689D23E}.Debug|Any CPU.Build.0 = Debug|Any CPU
		{5871DE76-6050-4448-A2A7-594BD689D23E}.Release|Any CPU.ActiveCfg = Release|Any CPU
		{5871DE76-6050-4448-A2A7-594BD689D23E}.Release|Any CPU.Build.0 = Release|Any CPU
		{2388AA38-B291-4B83-A44D-7ADA8D36143A}.Debug|Any CPU.ActiveCfg = Debug|Any CPU
		{2388AA38-B291-4B83-A44D-7ADA8D36143A}.Debug|Any CPU.Build.0 = Debug|Any CPU
		{2388AA38-B291-4B83-A44D-7ADA8D36143A}.Release|Any CPU.ActiveCfg = Release|Any CPU
		{2388AA38-B291-4B83-A44D-7ADA8D36143A}.Release|Any CPU.Build.0 = Release|Any CPU
	EndGlobalSection
	GlobalSection(SolutionProperties) = preSolution
		HideSolutionNode = FALSE
	EndGlobalSection
	GlobalSection(ExtensibilityGlobals) = postSolution
		SolutionGuid = {A4DF00A2-D02F-4FF4-8F79-62574281F2C0}
	EndGlobalSection
EndGlobal
