
Microsoft Visual Studio Solution File, Format Version 12.00
# Visual Studio 15
VisualStudioVersion = 15.0.27703.2026
MinimumVisualStudioVersion = 10.0.40219.1
Project("{FAE04EC0-301F-11D3-BF4B-00C04F79EFBC}") = "Administrator", "Administrator\Administrator.csproj", "{B703E113-A13D-499F-B6DA-07E300BED6D2}"
EndProject
Project("{FAE04EC0-301F-11D3-BF4B-00C04F79EFBC}") = "Administrator.Tests", "Administrator.Tests\Administrator.Tests.csproj", "{167CCEC0-7D87-467A-B89D-917C8653A21B}"
EndProject
Project("{FAE04EC0-301F-11D3-BF4B-00C04F79EFBC}") = "Administrator.Manager", "Administrator.Manager\Administrator.Manager.csproj", "{0A345AC9-DD75-44ED-AB3E-014DE89D4DBE}"
EndProject
Project("{FAE04EC0-301F-11D3-BF4B-00C04F79EFBC}") = "Administrator.Service", "Administrator.Service\Administrator.Service.csproj", "{1DB02722-0D4D-444A-8BDC-F7F6BE4A341F}"
EndProject
Global
	GlobalSection(SolutionConfigurationPlatforms) = preSolution
		Debug|Any CPU = Debug|Any CPU
		Release|Any CPU = Release|Any CPU
	EndGlobalSection
	GlobalSection(ProjectConfigurationPlatforms) = postSolution
		{B703E113-A13D-499F-B6DA-07E300BED6D2}.Debug|Any CPU.ActiveCfg = Debug|Any CPU
		{B703E113-A13D-499F-B6DA-07E300BED6D2}.Debug|Any CPU.Build.0 = Debug|Any CPU
		{B703E113-A13D-499F-B6DA-07E300BED6D2}.Release|Any CPU.ActiveCfg = Release|Any CPU
		{B703E113-A13D-499F-B6DA-07E300BED6D2}.Release|Any CPU.Build.0 = Release|Any CPU
		{167CCEC0-7D87-467A-B89D-917C8653A21B}.Debug|Any CPU.ActiveCfg = Debug|Any CPU
		{167CCEC0-7D87-467A-B89D-917C8653A21B}.Debug|Any CPU.Build.0 = Debug|Any CPU
		{167CCEC0-7D87-467A-B89D-917C8653A21B}.Release|Any CPU.ActiveCfg = Release|Any CPU
		{167CCEC0-7D87-467A-B89D-917C8653A21B}.Release|Any CPU.Build.0 = Release|Any CPU
		{0A345AC9-DD75-44ED-AB3E-014DE89D4DBE}.Debug|Any CPU.ActiveCfg = Debug|Any CPU
		{0A345AC9-DD75-44ED-AB3E-014DE89D4DBE}.Debug|Any CPU.Build.0 = Debug|Any CPU
		{0A345AC9-DD75-44ED-AB3E-014DE89D4DBE}.Release|Any CPU.ActiveCfg = Release|Any CPU
		{0A345AC9-DD75-44ED-AB3E-014DE89D4DBE}.Release|Any CPU.Build.0 = Release|Any CPU
		{1DB02722-0D4D-444A-8BDC-F7F6BE4A341F}.Debug|Any CPU.ActiveCfg = Debug|Any CPU
		{1DB02722-0D4D-444A-8BDC-F7F6BE4A341F}.Debug|Any CPU.Build.0 = Debug|Any CPU
		{1DB02722-0D4D-444A-8BDC-F7F6BE4A341F}.Release|Any CPU.ActiveCfg = Release|Any CPU
		{1DB02722-0D4D-444A-8BDC-F7F6BE4A341F}.Release|Any CPU.Build.0 = Release|Any CPU
	EndGlobalSection
	GlobalSection(SolutionProperties) = preSolution
		HideSolutionNode = FALSE
	EndGlobalSection
	GlobalSection(ExtensibilityGlobals) = postSolution
		SolutionGuid = {A4DF00A2-D02F-4FF4-8F79-62574281F2C0}
	EndGlobalSection
EndGlobal
